
Microsoft Visual Studio Solution File, Format Version 12.00
# Visual Studio Version 16
VisualStudioVersion = 16.0.30717.126
MinimumVisualStudioVersion = 10.0.40219.1
Project("{9A19103F-16F7-4668-BE54-9A1E7A4F7556}") = "Customer.AccountAPI", "Customer.AccountAPI\Customer.AccountAPI.csproj", "{ED64EA82-82A8-4068-B2D8-BE884314A877}"
EndProject
Project("{9A19103F-16F7-4668-BE54-9A1E7A4F7556}") = "Customer.Data", "Customer.Data\Customer.Data.csproj", "{CD386BC6-8238-42BB-B4D5-9D6BB09FE7C5}"
EndProject
Project("{FAE04EC0-301F-11D3-BF4B-00C04F79EFBC}") = "Customer.Repository", "Customer.Repository\Customer.Repository.csproj", "{4EE4D056-3F01-4F89-9F05-0BB8E8BD1895}"
EndProject
Project("{FAE04EC0-301F-11D3-BF4B-00C04F79EFBC}") = "Customer.OrderFacade", "Customer.OrderFacade\Customer.OrderFacade.csproj", "{CA4AEC37-C612-47A9-AD5A-1D7477BB4F20}"
EndProject
Global
	GlobalSection(SolutionConfigurationPlatforms) = preSolution
		Debug|Any CPU = Debug|Any CPU
		Release|Any CPU = Release|Any CPU
	EndGlobalSection
	GlobalSection(ProjectConfigurationPlatforms) = postSolution
		{ED64EA82-82A8-4068-B2D8-BE884314A877}.Debug|Any CPU.ActiveCfg = Debug|Any CPU
		{ED64EA82-82A8-4068-B2D8-BE884314A877}.Debug|Any CPU.Build.0 = Debug|Any CPU
		{ED64EA82-82A8-4068-B2D8-BE884314A877}.Release|Any CPU.ActiveCfg = Release|Any CPU
		{ED64EA82-82A8-4068-B2D8-BE884314A877}.Release|Any CPU.Build.0 = Release|Any CPU
		{CD386BC6-8238-42BB-B4D5-9D6BB09FE7C5}.Debug|Any CPU.ActiveCfg = Debug|Any CPU
		{CD386BC6-8238-42BB-B4D5-9D6BB09FE7C5}.Debug|Any CPU.Build.0 = Debug|Any CPU
		{CD386BC6-8238-42BB-B4D5-9D6BB09FE7C5}.Release|Any CPU.ActiveCfg = Release|Any CPU
		{CD386BC6-8238-42BB-B4D5-9D6BB09FE7C5}.Release|Any CPU.Build.0 = Release|Any CPU
		{4EE4D056-3F01-4F89-9F05-0BB8E8BD1895}.Debug|Any CPU.ActiveCfg = Debug|Any CPU
		{4EE4D056-3F01-4F89-9F05-0BB8E8BD1895}.Debug|Any CPU.Build.0 = Debug|Any CPU
		{4EE4D056-3F01-4F89-9F05-0BB8E8BD1895}.Release|Any CPU.ActiveCfg = Release|Any CPU
		{4EE4D056-3F01-4F89-9F05-0BB8E8BD1895}.Release|Any CPU.Build.0 = Release|Any CPU
		{CA4AEC37-C612-47A9-AD5A-1D7477BB4F20}.Debug|Any CPU.ActiveCfg = Debug|Any CPU
		{CA4AEC37-C612-47A9-AD5A-1D7477BB4F20}.Debug|Any CPU.Build.0 = Debug|Any CPU
		{CA4AEC37-C612-47A9-AD5A-1D7477BB4F20}.Release|Any CPU.ActiveCfg = Release|Any CPU
		{CA4AEC37-C612-47A9-AD5A-1D7477BB4F20}.Release|Any CPU.Build.0 = Release|Any CPU
	EndGlobalSection
	GlobalSection(SolutionProperties) = preSolution
		HideSolutionNode = FALSE
	EndGlobalSection
	GlobalSection(ExtensibilityGlobals) = postSolution
		SolutionGuid = {5D6D7C56-11E5-4C7E-9E54-10FE4750C810}
	EndGlobalSection
EndGlobal
